
Microsoft Visual Studio Solution File, Format Version 12.00
# Visual Studio Version 16
VisualStudioVersion = 16.0.29728.190
MinimumVisualStudioVersion = 10.0.40219.1
Project("{8BC9CEB8-8B4A-11D0-8D11-00A0C91BC942}") = "Exception Example", "Exception Example\Exception Example.vcxproj", "{435C08BD-ABAC-4220-8C7F-3F908164A011}"
EndProject
Global
	GlobalSection(SolutionConfigurationPlatforms) = preSolution
		Debug|x64 = Debug|x64
		Debug|x86 = Debug|x86
		Release|x64 = Release|x64
		Release|x86 = Release|x86
	EndGlobalSection
	GlobalSection(ProjectConfigurationPlatforms) = postSolution
		{435C08BD-ABAC-4220-8C7F-3F908164A011}.Debug|x64.ActiveCfg = Debug|x64
		{435C08BD-ABAC-4220-8C7F-3F908164A011}.Debug|x64.Build.0 = Debug|x64
		{435C08BD-ABAC-4220-8C7F-3F908164A011}.Debug|x86.ActiveCfg = Debug|Win32
		{435C08BD-ABAC-4220-8C7F-3F908164A011}.Debug|x86.Build.0 = Debug|Win32
		{435C08BD-ABAC-4220-8C7F-3F908164A011}.Release|x64.ActiveCfg = Release|x64
		{435C08BD-ABAC-4220-8C7F-3F908164A011}.Release|x64.Build.0 = Release|x64
		{435C08BD-ABAC-4220-8C7F-3F908164A011}.Release|x86.ActiveCfg = Release|Win32
		{435C08BD-ABAC-4220-8C7F-3F908164A011}.Release|x86.Build.0 = Release|Win32
	EndGlobalSection
	GlobalSection(SolutionProperties) = preSolution
		HideSolutionNode = FALSE
	EndGlobalSection
	GlobalSection(ExtensibilityGlobals) = postSolution
		SolutionGuid = {B4ECADBC-DFB8-41BD-A075-96D71ABD0BBF}
	EndGlobalSection
EndGlobal
