
Microsoft Visual Studio Solution File, Format Version 12.00
# Visual Studio Version 16
VisualStudioVersion = 16.0.29728.190
MinimumVisualStudioVersion = 10.0.40219.1
Project("{8BC9CEB8-8B4A-11D0-8D11-00A0C91BC942}") = "Test random number generator", "Test random number generator\Test random number generator.vcxproj", "{110FAD06-8F65-4EE8-BF47-CB25302FE047}"
EndProject
Global
	GlobalSection(SolutionConfigurationPlatforms) = preSolution
		Debug|x64 = Debug|x64
		Debug|x86 = Debug|x86
		Release|x64 = Release|x64
		Release|x86 = Release|x86
	EndGlobalSection
	GlobalSection(ProjectConfigurationPlatforms) = postSolution
		{110FAD06-8F65-4EE8-BF47-CB25302FE047}.Debug|x64.ActiveCfg = Debug|x64
		{110FAD06-8F65-4EE8-BF47-CB25302FE047}.Debug|x64.Build.0 = Debug|x64
		{110FAD06-8F65-4EE8-BF47-CB25302FE047}.Debug|x86.ActiveCfg = Debug|Win32
		{110FAD06-8F65-4EE8-BF47-CB25302FE047}.Debug|x86.Build.0 = Debug|Win32
		{110FAD06-8F65-4EE8-BF47-CB25302FE047}.Release|x64.ActiveCfg = Release|x64
		{110FAD06-8F65-4EE8-BF47-CB25302FE047}.Release|x64.Build.0 = Release|x64
		{110FAD06-8F65-4EE8-BF47-CB25302FE047}.Release|x86.ActiveCfg = Release|Win32
		{110FAD06-8F65-4EE8-BF47-CB25302FE047}.Release|x86.Build.0 = Release|Win32
	EndGlobalSection
	GlobalSection(SolutionProperties) = preSolution
		HideSolutionNode = FALSE
	EndGlobalSection
	GlobalSection(ExtensibilityGlobals) = postSolution
		SolutionGuid = {5AE458B6-5261-47E1-B6EC-A73BB995BE36}
	EndGlobalSection
EndGlobal
