
Microsoft Visual Studio Solution File, Format Version 12.00
# Visual Studio Version 16
VisualStudioVersion = 16.0.29728.190
MinimumVisualStudioVersion = 10.0.40219.1
Project("{8BC9CEB8-8B4A-11D0-8D11-00A0C91BC942}") = "Pointer Arithmetic", "Pointer Arithmetic\Pointer Arithmetic.vcxproj", "{D593EE4A-054F-42FE-AD6C-3F116D60284C}"
EndProject
Global
	GlobalSection(SolutionConfigurationPlatforms) = preSolution
		Debug|x64 = Debug|x64
		Debug|x86 = Debug|x86
		Release|x64 = Release|x64
		Release|x86 = Release|x86
	EndGlobalSection
	GlobalSection(ProjectConfigurationPlatforms) = postSolution
		{D593EE4A-054F-42FE-AD6C-3F116D60284C}.Debug|x64.ActiveCfg = Debug|x64
		{D593EE4A-054F-42FE-AD6C-3F116D60284C}.Debug|x64.Build.0 = Debug|x64
		{D593EE4A-054F-42FE-AD6C-3F116D60284C}.Debug|x86.ActiveCfg = Debug|Win32
		{D593EE4A-054F-42FE-AD6C-3F116D60284C}.Debug|x86.Build.0 = Debug|Win32
		{D593EE4A-054F-42FE-AD6C-3F116D60284C}.Release|x64.ActiveCfg = Release|x64
		{D593EE4A-054F-42FE-AD6C-3F116D60284C}.Release|x64.Build.0 = Release|x64
		{D593EE4A-054F-42FE-AD6C-3F116D60284C}.Release|x86.ActiveCfg = Release|Win32
		{D593EE4A-054F-42FE-AD6C-3F116D60284C}.Release|x86.Build.0 = Release|Win32
	EndGlobalSection
	GlobalSection(SolutionProperties) = preSolution
		HideSolutionNode = FALSE
	EndGlobalSection
	GlobalSection(ExtensibilityGlobals) = postSolution
		SolutionGuid = {ACFBBF0A-3714-43C0-B697-DF78407E4F3E}
	EndGlobalSection
EndGlobal
